
Microsoft Visual Studio Solution File, Format Version 12.00
# Visual Studio 15
VisualStudioVersion = 15.0.28307.329
MinimumVisualStudioVersion = 10.0.40219.1
Project("{FAE04EC0-301F-11D3-BF4B-00C04F79EFBC}") = "Logging.Core", "Logging.Core\Logging.Core.csproj", "{E0089B91-6A54-4FAA-A3D7-CF3AE19CC4CC}"
EndProject
Project("{FAE04EC0-301F-11D3-BF4B-00C04F79EFBC}") = "LoggingConsole", "LoggingConsole\LoggingConsole.csproj", "{F41DC2CB-D583-4AAF-B5B9-71E6451F816F}"
EndProject
Project("{2150E333-8FDC-42A3-9474-1A3956D46DE8}") = "Solution Items", "Solution Items", "{795B3E65-351C-4E43-8B14-1F920DA5E841}"
	ProjectSection(SolutionItems) = preProject
		..\README.md = ..\README.md
	EndProjectSection
EndProject
Project("{FAE04EC0-301F-11D3-BF4B-00C04F79EFBC}") = "Logging.Data", "Logging.Data\Logging.Data.csproj", "{D6E4D367-339E-4641-99D4-42A5C79B87FF}"
EndProject
Global
	GlobalSection(SolutionConfigurationPlatforms) = preSolution
		Debug|Any CPU = Debug|Any CPU
		Release|Any CPU = Release|Any CPU
	EndGlobalSection
	GlobalSection(ProjectConfigurationPlatforms) = postSolution
		{E0089B91-6A54-4FAA-A3D7-CF3AE19CC4CC}.Debug|Any CPU.ActiveCfg = Debug|Any CPU
		{E0089B91-6A54-4FAA-A3D7-CF3AE19CC4CC}.Debug|Any CPU.Build.0 = Debug|Any CPU
		{E0089B91-6A54-4FAA-A3D7-CF3AE19CC4CC}.Release|Any CPU.ActiveCfg = Release|Any CPU
		{E0089B91-6A54-4FAA-A3D7-CF3AE19CC4CC}.Release|Any CPU.Build.0 = Release|Any CPU
		{F41DC2CB-D583-4AAF-B5B9-71E6451F816F}.Debug|Any CPU.ActiveCfg = Debug|Any CPU
		{F41DC2CB-D583-4AAF-B5B9-71E6451F816F}.Debug|Any CPU.Build.0 = Debug|Any CPU
		{F41DC2CB-D583-4AAF-B5B9-71E6451F816F}.Release|Any CPU.ActiveCfg = Release|Any CPU
		{F41DC2CB-D583-4AAF-B5B9-71E6451F816F}.Release|Any CPU.Build.0 = Release|Any CPU
		{D6E4D367-339E-4641-99D4-42A5C79B87FF}.Debug|Any CPU.ActiveCfg = Debug|Any CPU
		{D6E4D367-339E-4641-99D4-42A5C79B87FF}.Debug|Any CPU.Build.0 = Debug|Any CPU
		{D6E4D367-339E-4641-99D4-42A5C79B87FF}.Release|Any CPU.ActiveCfg = Release|Any CPU
		{D6E4D367-339E-4641-99D4-42A5C79B87FF}.Release|Any CPU.Build.0 = Release|Any CPU
	EndGlobalSection
	GlobalSection(SolutionProperties) = preSolution
		HideSolutionNode = FALSE
	EndGlobalSection
	GlobalSection(ExtensibilityGlobals) = postSolution
		SolutionGuid = {78151EA8-7D50-4890-85EA-4E28CF214EDA}
	EndGlobalSection
EndGlobal
